
Microsoft Visual Studio Solution File, Format Version 12.00
# Visual Studio Version 17
VisualStudioVersion = 17.4.33205.214
MinimumVisualStudioVersion = 10.0.40219.1
Project("{FAE04EC0-301F-11D3-BF4B-00C04F79EFBC}") = "Odata_basicAPI", "Odata_basicAPI\Odata_basicAPI.csproj", "{C678F2BD-0098-4769-AF5A-D746EFFD8253}"
EndProject
Global
	GlobalSection(SolutionConfigurationPlatforms) = preSolution
		Debug|Any CPU = Debug|Any CPU
		Release|Any CPU = Release|Any CPU
	EndGlobalSection
	GlobalSection(ProjectConfigurationPlatforms) = postSolution
		{C678F2BD-0098-4769-AF5A-D746EFFD8253}.Debug|Any CPU.ActiveCfg = Debug|Any CPU
		{C678F2BD-0098-4769-AF5A-D746EFFD8253}.Debug|Any CPU.Build.0 = Debug|Any CPU
		{C678F2BD-0098-4769-AF5A-D746EFFD8253}.Release|Any CPU.ActiveCfg = Release|Any CPU
		{C678F2BD-0098-4769-AF5A-D746EFFD8253}.Release|Any CPU.Build.0 = Release|Any CPU
	EndGlobalSection
	GlobalSection(SolutionProperties) = preSolution
		HideSolutionNode = FALSE
	EndGlobalSection
	GlobalSection(ExtensibilityGlobals) = postSolution
		SolutionGuid = {08C2E1BB-4578-4F88-B7B3-0847CBDD0278}
	EndGlobalSection
EndGlobal
