
Microsoft Visual Studio Solution File, Format Version 12.00
# Visual Studio Version 17
VisualStudioVersion = 17.4.33205.214
MinimumVisualStudioVersion = 10.0.40219.1
Project("{9A19103F-16F7-4668-BE54-9A1E7A4F7556}") = "AsyncTypeAPI", "AsyncTypeAPI.csproj", "{F8904A51-24FA-4F6C-B7E3-3F67FC545729}"
EndProject
Global
	GlobalSection(SolutionConfigurationPlatforms) = preSolution
		Debug|Any CPU = Debug|Any CPU
		Release|Any CPU = Release|Any CPU
	EndGlobalSection
	GlobalSection(ProjectConfigurationPlatforms) = postSolution
		{F8904A51-24FA-4F6C-B7E3-3F67FC545729}.Debug|Any CPU.ActiveCfg = Debug|Any CPU
		{F8904A51-24FA-4F6C-B7E3-3F67FC545729}.Debug|Any CPU.Build.0 = Debug|Any CPU
		{F8904A51-24FA-4F6C-B7E3-3F67FC545729}.Release|Any CPU.ActiveCfg = Release|Any CPU
		{F8904A51-24FA-4F6C-B7E3-3F67FC545729}.Release|Any CPU.Build.0 = Release|Any CPU
	EndGlobalSection
	GlobalSection(SolutionProperties) = preSolution
		HideSolutionNode = FALSE
	EndGlobalSection
	GlobalSection(ExtensibilityGlobals) = postSolution
		SolutionGuid = {DF74D03E-BDF6-4C90-BB4C-BD94835581CF}
	EndGlobalSection
EndGlobal
