
Microsoft Visual Studio Solution File, Format Version 12.00
# Visual Studio Version 17
VisualStudioVersion = 17.4.33205.214
MinimumVisualStudioVersion = 10.0.40219.1
Project("{FAE04EC0-301F-11D3-BF4B-00C04F79EFBC}") = "WebChat_APP", "WebChat_APP\WebChat_APP.csproj", "{A9884695-805D-41A4-B7E1-4C68549525DC}"
EndProject
Global
	GlobalSection(SolutionConfigurationPlatforms) = preSolution
		Debug|Any CPU = Debug|Any CPU
		Release|Any CPU = Release|Any CPU
	EndGlobalSection
	GlobalSection(ProjectConfigurationPlatforms) = postSolution
		{A9884695-805D-41A4-B7E1-4C68549525DC}.Debug|Any CPU.ActiveCfg = Debug|Any CPU
		{A9884695-805D-41A4-B7E1-4C68549525DC}.Debug|Any CPU.Build.0 = Debug|Any CPU
		{A9884695-805D-41A4-B7E1-4C68549525DC}.Release|Any CPU.ActiveCfg = Release|Any CPU
		{A9884695-805D-41A4-B7E1-4C68549525DC}.Release|Any CPU.Build.0 = Release|Any CPU
	EndGlobalSection
	GlobalSection(SolutionProperties) = preSolution
		HideSolutionNode = FALSE
	EndGlobalSection
	GlobalSection(ExtensibilityGlobals) = postSolution
		SolutionGuid = {24E28888-EB7A-4FAF-B44E-FF0BD4061889}
	EndGlobalSection
EndGlobal
