
Microsoft Visual Studio Solution File, Format Version 12.00
# Visual Studio Version 17
VisualStudioVersion = 17.4.33205.214
MinimumVisualStudioVersion = 10.0.40219.1
Project("{FAE04EC0-301F-11D3-BF4B-00C04F79EFBC}") = "WebSocket_API", "WebSocket_API\WebSocket_API.csproj", "{633557DE-7408-419A-8BDA-0F8CDA58FF10}"
EndProject
Global
	GlobalSection(SolutionConfigurationPlatforms) = preSolution
		Debug|Any CPU = Debug|Any CPU
		Release|Any CPU = Release|Any CPU
	EndGlobalSection
	GlobalSection(ProjectConfigurationPlatforms) = postSolution
		{633557DE-7408-419A-8BDA-0F8CDA58FF10}.Debug|Any CPU.ActiveCfg = Debug|Any CPU
		{633557DE-7408-419A-8BDA-0F8CDA58FF10}.Debug|Any CPU.Build.0 = Debug|Any CPU
		{633557DE-7408-419A-8BDA-0F8CDA58FF10}.Release|Any CPU.ActiveCfg = Release|Any CPU
		{633557DE-7408-419A-8BDA-0F8CDA58FF10}.Release|Any CPU.Build.0 = Release|Any CPU
	EndGlobalSection
	GlobalSection(SolutionProperties) = preSolution
		HideSolutionNode = FALSE
	EndGlobalSection
	GlobalSection(ExtensibilityGlobals) = postSolution
		SolutionGuid = {CD8D3162-58CA-4BF5-94C7-E4B89EF4CB0F}
	EndGlobalSection
EndGlobal
