
Microsoft Visual Studio Solution File, Format Version 12.00
# Visual Studio Version 17
VisualStudioVersion = 17.4.33205.214
MinimumVisualStudioVersion = 10.0.40219.1
Project("{FAE04EC0-301F-11D3-BF4B-00C04F79EFBC}") = "ChatGPT_WEBAPI", "ChatGPT_WEBAPI\ChatGPT_WEBAPI.csproj", "{6A740D6E-BB19-4978-AC14-C0E0C552589C}"
EndProject
Global
	GlobalSection(SolutionConfigurationPlatforms) = preSolution
		Debug|Any CPU = Debug|Any CPU
		Release|Any CPU = Release|Any CPU
	EndGlobalSection
	GlobalSection(ProjectConfigurationPlatforms) = postSolution
		{6A740D6E-BB19-4978-AC14-C0E0C552589C}.Debug|Any CPU.ActiveCfg = Debug|Any CPU
		{6A740D6E-BB19-4978-AC14-C0E0C552589C}.Debug|Any CPU.Build.0 = Debug|Any CPU
		{6A740D6E-BB19-4978-AC14-C0E0C552589C}.Release|Any CPU.ActiveCfg = Release|Any CPU
		{6A740D6E-BB19-4978-AC14-C0E0C552589C}.Release|Any CPU.Build.0 = Release|Any CPU
	EndGlobalSection
	GlobalSection(SolutionProperties) = preSolution
		HideSolutionNode = FALSE
	EndGlobalSection
	GlobalSection(ExtensibilityGlobals) = postSolution
		SolutionGuid = {9675A102-5FE0-429C-B34A-9E63BBB31FE8}
	EndGlobalSection
EndGlobal
